packages:
  apb:
    revision: 6ae8bf8d5eab5dc70d032231c01ab95e1c5774b9
    version: null
    source:
      Git: https://github.com/pulp-platform/apb.git
    dependencies:
    - common_cells
  axi:
    revision: 0ccc838fe06aeeb857eb83c6be9a915c4bf99566
    version: null
    source:
      Git: https://github.com/pulp-platform/axi.git
    dependencies:
    - common_cells
    - common_verification
    - tech_cells_generic
  common_cells:
    revision: 03d98106aa19952a10360d2230def85144a0008b
    version: 2.0.0-beta.2
    source:
      Git: https://github.com/pulp-platform/common_cells.git
    dependencies:
    - common_verification
    - tech_cells_generic
  common_verification:
    revision: fb1885f48ea46164a10568aeff51884389f67ae3
    version: 0.2.5
    source:
      Git: https://github.com/pulp-platform/common_verification.git
    dependencies: []
  register_interface:
    revision: 84a6857c1ca37c0ad455a384a58a855b19317b21
    version: null
    source:
      Git: https://github.com/pulp-platform/register_interface.git
    dependencies:
    - apb
    - axi
    - common_cells
    - common_verification
  tech_cells_generic:
    revision: a2705ad2025cf4daeb63c49810fb6de9d3b1f3f8
    version: null
    source:
      Git: https://github.com/pulp-platform/tech_cells_generic.git
    dependencies:
    - common_verification
